// !$*UTF8*$!
{
	archiveVersion = 1;
	classes = {
	};
	objectVersion = 46;
	objects = {

/* Begin PBXBuildFile section */
		8777F1341B2AEA8D00E10F69 /* AppDelegate.swift in Sources */ = {isa = PBXBuildFile; fileRef = 8777F1331B2AEA8D00E10F69 /* AppDelegate.swift */; };
		8777F13B1B2AEA8D00E10F69 /* Images.xcassets in Resources */ = {isa = PBXBuildFile; fileRef = 8777F13A1B2AEA8D00E10F69 /* Images.xcassets */; };
		8777F13E1B2AEA8D00E10F69 /* LaunchScreen.xib in Resources */ = {isa = PBXBuildFile; fileRef = 8777F13C1B2AEA8D00E10F69 /* LaunchScreen.xib */; };
		8777F14A1B2AEA8D00E10F69 /* TextFieldsChallengeTests.swift in Sources */ = {isa = PBXBuildFile; fileRef = 8777F1491B2AEA8D00E10F69 /* TextFieldsChallengeTests.swift */; };
		8777F1541B2AEAEB00E10F69 /* ViewController.swift in Sources */ = {isa = PBXBuildFile; fileRef = 8777F1531B2AEAEB00E10F69 /* ViewController.swift */; };
		8777F1561B2AEB0E00E10F69 /* Main.storyboard in Resources */ = {isa = PBXBuildFile; fileRef = 8777F1551B2AEB0E00E10F69 /* Main.storyboard */; };
		8777F15A1B2AEB4800E10F69 /* ZipCodeFieldTextDelegate.swift in Sources */ = {isa = PBXBuildFile; fileRef = 8777F1581B2AEB4800E10F69 /* ZipCodeFieldTextDelegate.swift */; };
		8777F15B1B2AEB4800E10F69 /* CashTextFieldDelegate.swift in Sources */ = {isa = PBXBuildFile; fileRef = 8777F1591B2AEB4800E10F69 /* CashTextFieldDelegate.swift */; };
/* End PBXBuildFile section */

/* Begin PBXContainerItemProxy section */
		8777F1441B2AEA8D00E10F69 /* PBXContainerItemProxy */ = {
			isa = PBXContainerItemProxy;
			containerPortal = 8777F1261B2AEA8D00E10F69 /* Project object */;
			proxyType = 1;
			remoteGlobalIDString = 8777F12D1B2AEA8D00E10F69;
			remoteInfo = TextFieldsChallenge;
		};
/* End PBXContainerItemProxy section */

/* Begin PBXFileReference section */
		8777F12E1B2AEA8D00E10F69 /* TextFieldsChallenge.app */ = {isa = PBXFileReference; explicitFileType = wrapper.application; includeInIndex = 0; path = TextFieldsChallenge.app; sourceTree = BUILT_PRODUCTS_DIR; };
		8777F1321B2AEA8D00E10F69 /* Info.plist */ = {isa = PBXFileReference; lastKnownFileType = text.plist.xml; path = Info.plist; sourceTree = "<group>"; };
		8777F1331B2AEA8D00E10F69 /* AppDelegate.swift */ = {isa = PBXFileReference; lastKnownFileType = sourcecode.swift; path = AppDelegate.swift; sourceTree = "<group>"; };
		8777F13A1B2AEA8D00E10F69 /* Images.xcassets */ = {isa = PBXFileReference; lastKnownFileType = folder.assetcatalog; path = Images.xcassets; sourceTree = "<group>"; };
		8777F13D1B2AEA8D00E10F69 /* Base */ = {isa = PBXFileReference; lastKnownFileType = file.xib; name = Base; path = Base.lproj/LaunchScreen.xib; sourceTree = "<group>"; };
		8777F1431B2AEA8D00E10F69 /* TextFieldsChallengeTests.xctest */ = {isa = PBXFileReference; explicitFileType = wrapper.cfbundle; includeInIndex = 0; path = TextFieldsChallengeTests.xctest; sourceTree = BUILT_PRODUCTS_DIR; };
		8777F1481B2AEA8D00E10F69 /* Info.plist */ = {isa = PBXFileReference; lastKnownFileType = text.plist.xml; path = Info.plist; sourceTree = "<group>"; };
		8777F1491B2AEA8D00E10F69 /* TextFieldsChallengeTests.swift */ = {isa = PBXFileReference; lastKnownFileType = sourcecode.swift; path = TextFieldsChallengeTests.swift; sourceTree = "<group>"; };
		8777F1531B2AEAEB00E10F69 /* ViewController.swift */ = {isa = PBXFileReference; fileEncoding = 4; lastKnownFileType = sourcecode.swift; path = ViewController.swift; sourceTree = "<group>"; };
		8777F1551B2AEB0E00E10F69 /* Main.storyboard */ = {isa = PBXFileReference; fileEncoding = 4; lastKnownFileType = file.storyboard; path = Main.storyboard; sourceTree = "<group>"; };
		8777F1581B2AEB4800E10F69 /* ZipCodeFieldTextDelegate.swift */ = {isa = PBXFileReference; fileEncoding = 4; lastKnownFileType = sourcecode.swift; name = ZipCodeFieldTextDelegate.swift; path = "../ios-nanodegree-uikit/TextFields/TextFields/ZipCodeFieldTextDelegate.swift"; sourceTree = "<group>"; };
		8777F1591B2AEB4800E10F69 /* CashTextFieldDelegate.swift */ = {isa = PBXFileReference; fileEncoding = 4; lastKnownFileType = sourcecode.swift; name = CashTextFieldDelegate.swift; path = "../ios-nanodegree-uikit/TextFields/TextFields/CashTextFieldDelegate.swift"; sourceTree = "<group>"; };
/* End PBXFileReference section */

/* Begin PBXFrameworksBuildPhase section */
		8777F12B1B2AEA8D00E10F69 /* Frameworks */ = {
			isa = PBXFrameworksBuildPhase;
			buildActionMask = 2147483647;
			files = (
			);
			runOnlyForDeploymentPostprocessing = 0;
		};
		8777F1401B2AEA8D00E10F69 /* Frameworks */ = {
			isa = PBXFrameworksBuildPhase;
			buildActionMask = 2147483647;
			files = (
			);
			runOnlyForDeploymentPostprocessing = 0;
		};
/* End PBXFrameworksBuildPhase section */

/* Begin PBXGroup section */
		8777F1251B2AEA8D00E10F69 = {
			isa = PBXGroup;
			children = (
				8777F1301B2AEA8D00E10F69 /* TextFieldsChallenge */,
				8777F1461B2AEA8D00E10F69 /* TextFieldsChallengeTests */,
				8777F12F1B2AEA8D00E10F69 /* Products */,
			);
			sourceTree = "<group>";
		};
		8777F12F1B2AEA8D00E10F69 /* Products */ = {
			isa = PBXGroup;
			children = (
				8777F12E1B2AEA8D00E10F69 /* TextFieldsChallenge.app */,
				8777F1431B2AEA8D00E10F69 /* TextFieldsChallengeTests.xctest */,
			);
			name = Products;
			sourceTree = "<group>";
		};
		8777F1301B2AEA8D00E10F69 /* TextFieldsChallenge */ = {
			isa = PBXGroup;
			children = (
				8777F1331B2AEA8D00E10F69 /* AppDelegate.swift */,
				8777F1531B2AEAEB00E10F69 /* ViewController.swift */,
				8777F1551B2AEB0E00E10F69 /* Main.storyboard */,
				8777F1571B2AEB2A00E10F69 /* Text Field Delegates */,
				8777F13A1B2AEA8D00E10F69 /* Images.xcassets */,
				8777F13C1B2AEA8D00E10F69 /* LaunchScreen.xib */,
				8777F1311B2AEA8D00E10F69 /* Supporting Files */,
			);
			path = TextFieldsChallenge;
			sourceTree = "<group>";
		};
		8777F1311B2AEA8D00E10F69 /* Supporting Files */ = {
			isa = PBXGroup;
			children = (
				8777F1321B2AEA8D00E10F69 /* Info.plist */,
			);
			name = "Supporting Files";
			sourceTree = "<group>";
		};
		8777F1461B2AEA8D00E10F69 /* TextFieldsChallengeTests */ = {
			isa = PBXGroup;
			children = (
				8777F1491B2AEA8D00E10F69 /* TextFieldsChallengeTests.swift */,
				8777F1471B2AEA8D00E10F69 /* Supporting Files */,
			);
			path = TextFieldsChallengeTests;
			sourceTree = "<group>";
		};
		8777F1471B2AEA8D00E10F69 /* Supporting Files */ = {
			isa = PBXGroup;
			children = (
				8777F1481B2AEA8D00E10F69 /* Info.plist */,
			);
			name = "Supporting Files";
			sourceTree = "<group>";
		};
		8777F1571B2AEB2A00E10F69 /* Text Field Delegates */ = {
			isa = PBXGroup;
			children = (
				8777F1581B2AEB4800E10F69 /* ZipCodeFieldTextDelegate.swift */,
				8777F1591B2AEB4800E10F69 /* CashTextFieldDelegate.swift */,
			);
			name = "Text Field Delegates";
			path = ..;
			sourceTree = "<group>";
		};
/* End PBXGroup section */

/* Begin PBXNativeTarget section */
		8777F12D1B2AEA8D00E10F69 /* TextFieldsChallenge */ = {
			isa = PBXNativeTarget;
			buildConfigurationList = 8777F14D1B2AEA8D00E10F69 /* Build configuration list for PBXNativeTarget "TextFieldsChallenge" */;
			buildPhases = (
				8777F12A1B2AEA8D00E10F69 /* Sources */,
				8777F12B1B2AEA8D00E10F69 /* Frameworks */,
				8777F12C1B2AEA8D00E10F69 /* Resources */,
			);
			buildRules = (
			);
			dependencies = (
			);
			name = TextFieldsChallenge;
			productName = TextFieldsChallenge;
			productReference = 8777F12E1B2AEA8D00E10F69 /* TextFieldsChallenge.app */;
			productType = "com.apple.product-type.application";
		};
		8777F1421B2AEA8D00E10F69 /* TextFieldsChallengeTests */ = {
			isa = PBXNativeTarget;
			buildConfigurationList = 8777F1501B2AEA8D00E10F69 /* Build configuration list for PBXNativeTarget "TextFieldsChallengeTests" */;
			buildPhases = (
				8777F13F1B2AEA8D00E10F69 /* Sources */,
				8777F1401B2AEA8D00E10F69 /* Frameworks */,
				8777F1411B2AEA8D00E10F69 /* Resources */,
			);
			buildRules = (
			);
			dependencies = (
				8777F1451B2AEA8D00E10F69 /* PBXTargetDependency */,
			);
			name = TextFieldsChallengeTests;
			productName = TextFieldsChallengeTests;
			productReference = 8777F1431B2AEA8D00E10F69 /* TextFieldsChallengeTests.xctest */;
			productType = "com.apple.product-type.bundle.unit-test";
		};
/* End PBXNativeTarget section */

/* Begin PBXProject section */
		8777F1261B2AEA8D00E10F69 /* Project object */ = {
			isa = PBXProject;
			attributes = {
				LastUpgradeCheck = 0630;
				ORGANIZATIONNAME = "Athanasios Sarakatsianou";
				TargetAttributes = {
					8777F12D1B2AEA8D00E10F69 = {
						CreatedOnToolsVersion = 6.3.1;
					};
					8777F1421B2AEA8D00E10F69 = {
						CreatedOnToolsVersion = 6.3.1;
						TestTargetID = 8777F12D1B2AEA8D00E10F69;
					};
				};
			};
			buildConfigurationList = 8777F1291B2AEA8D00E10F69 /* Build configuration list for PBXProject "TextFieldsChallenge" */;
			compatibilityVersion = "Xcode 3.2";
			developmentRegion = English;
			hasScannedForEncodings = 0;
			knownRegions = (
				en,
				Base,
			);
			mainGroup = 8777F1251B2AEA8D00E10F69;
			productRefGroup = 8777F12F1B2AEA8D00E10F69 /* Products */;
			projectDirPath = "";
			projectRoot = "";
			targets = (
				8777F12D1B2AEA8D00E10F69 /* TextFieldsChallenge */,
				8777F1421B2AEA8D00E10F69 /* TextFieldsChallengeTests */,
			);
		};
/* End PBXProject section */

/* Begin PBXResourcesBuildPhase section */
		8777F12C1B2AEA8D00E10F69 /* Resources */ = {
			isa = PBXResourcesBuildPhase;
			buildActionMask = 2147483647;
			files = (
				8777F1561B2AEB0E00E10F69 /* Main.storyboard in Resources */,
				8777F13E1B2AEA8D00E10F69 /* LaunchScreen.xib in Resources */,
				8777F13B1B2AEA8D00E10F69 /* Images.xcassets in Resources */,
			);
			runOnlyForDeploymentPostprocessing = 0;
		};
		8777F1411B2AEA8D00E10F69 /* Resources */ = {
			isa = PBXResourcesBuildPhase;
			buildActionMask = 2147483647;
			files = (
			);
			runOnlyForDeploymentPostprocessing = 0;
		};
/* End PBXResourcesBuildPhase section */

/* Begin PBXSourcesBuildPhase section */
		8777F12A1B2AEA8D00E10F69 /* Sources */ = {
			isa = PBXSourcesBuildPhase;
			buildActionMask = 2147483647;
			files = (
				8777F15A1B2AEB4800E10F69 /* ZipCodeFieldTextDelegate.swift in Sources */,
				8777F15B1B2AEB4800E10F69 /* CashTextFieldDelegate.swift in Sources */,
				8777F1541B2AEAEB00E10F69 /* ViewController.swift in Sources */,
				8777F1341B2AEA8D00E10F69 /* AppDelegate.swift in Sources */,
			);
			runOnlyForDeploymentPostprocessing = 0;
		};
		8777F13F1B2AEA8D00E10F69 /* Sources */ = {
			isa = PBXSourcesBuildPhase;
			buildActionMask = 2147483647;
			files = (
				8777F14A1B2AEA8D00E10F69 /* TextFieldsChallengeTests.swift in Sources */,
			);
			runOnlyForDeploymentPostprocessing = 0;
		};
/* End PBXSourcesBuildPhase section */

/* Begin PBXTargetDependency section */
		8777F1451B2AEA8D00E10F69 /* PBXTargetDependency */ = {
			isa = PBXTargetDependency;
			target = 8777F12D1B2AEA8D00E10F69 /* TextFieldsChallenge */;
			targetProxy = 8777F1441B2AEA8D00E10F69 /* PBXContainerItemProxy */;
		};
/* End PBXTargetDependency section */

/* Begin PBXVariantGroup section */
		8777F13C1B2AEA8D00E10F69 /* LaunchScreen.xib */ = {
			isa = PBXVariantGroup;
			children = (
				8777F13D1B2AEA8D00E10F69 /* Base */,
			);
			name = LaunchScreen.xib;
			sourceTree = "<group>";
		};
/* End PBXVariantGroup section */

/* Begin XCBuildConfiguration section */
		8777F14B1B2AEA8D00E10F69 /* Debug */ = {
			isa = XCBuildConfiguration;
			buildSettings = {
				ALWAYS_SEARCH_USER_PATHS = NO;
				CLANG_CXX_LANGUAGE_STANDARD = "gnu++0x";
				CLANG_CXX_LIBRARY = "libc++";
				CLANG_ENABLE_MODULES = YES;
				CLANG_ENABLE_OBJC_ARC = YES;
				CLANG_WARN_BOOL_CONVERSION = YES;
				CLANG_WARN_CONSTANT_CONVERSION = YES;
				CLANG_WARN_DIRECT_OBJC_ISA_USAGE = YES_ERROR;
				CLANG_WARN_EMPTY_BODY = YES;
				CLANG_WARN_ENUM_CONVERSION = YES;
				CLANG_WARN_INT_CONVERSION = YES;
				CLANG_WARN_OBJC_ROOT_CLASS = YES_ERROR;
				CLANG_WARN_UNREACHABLE_CODE = YES;
				CLANG_WARN__DUPLICATE_METHOD_MATCH = YES;
				"CODE_SIGN_IDENTITY[sdk=iphoneos*]" = "iPhone Developer";
				COPY_PHASE_STRIP = NO;
				DEBUG_INFORMATION_FORMAT = "dwarf-with-dsym";
				ENABLE_STRICT_OBJC_MSGSEND = YES;
				GCC_C_LANGUAGE_STANDARD = gnu99;
				GCC_DYNAMIC_NO_PIC = NO;
				GCC_NO_COMMON_BLOCKS = YES;
				GCC_OPTIMIZATION_LEVEL = 0;
				GCC_PREPROCESSOR_DEFINITIONS = (
					"DEBUG=1",
					"$(inherited)",
				);
				GCC_SYMBOLS_PRIVATE_EXTERN = NO;
				GCC_WARN_64_TO_32_BIT_CONVERSION = YES;
				GCC_WARN_ABOUT_RETURN_TYPE = YES_ERROR;
				GCC_WARN_UNDECLARED_SELECTOR = YES;
				GCC_WARN_UNINITIALIZED_AUTOS = YES_AGGRESSIVE;
				GCC_WARN_UNUSED_FUNCTION = YES;
				GCC_WARN_UNUSED_VARIABLE = YES;
				IPHONEOS_DEPLOYMENT_TARGET = 8.3;
				MTL_ENABLE_DEBUG_INFO = YES;
				ONLY_ACTIVE_ARCH = YES;
				SDKROOT = iphoneos;
				SWIFT_OPTIMIZATION_LEVEL = "-Onone";
			};
			name = Debug;
		};
		8777F14C1B2AEA8D00E10F69 /* Release */ = {
			isa = XCBuildConfiguration;
			buildSettings = {
				ALWAYS_SEARCH_USER_PATHS = NO;
				CLANG_CXX_LANGUAGE_STANDARD = "gnu++0x";
				CLANG_CXX_LIBRARY = "libc++";
				CLANG_ENABLE_MODULES = YES;
				CLANG_ENABLE_OBJC_ARC = YES;
				CLANG_WARN_BOOL_CONVERSION = YES;
				CLANG_WARN_CONSTANT_CONVERSION = YES;
				CLANG_WARN_DIRECT_OBJC_ISA_USAGE = YES_ERROR;
				CLANG_WARN_EMPTY_BODY = YES;
				CLANG_WARN_ENUM_CONVERSION = YES;
				CLANG_WARN_INT_CONVERSION = YES;
				CLANG_WARN_OBJC_ROOT_CLASS = YES_ERROR;
				CLANG_WARN_UNREACHABLE_CODE = YES;
				CLANG_WARN__DUPLICATE_METHOD_MATCH = YES;
				"CODE_SIGN_IDENTITY[sdk=iphoneos*]" = "iPhone Developer";
				COPY_PHASE_STRIP = NO;
				DEBUG_INFORMATION_FORMAT = "dwarf-with-dsym";
				ENABLE_NS_ASSERTIONS = NO;
				ENABLE_STRICT_OBJC_MSGSEND = YES;
				GCC_C_LANGUAGE_STANDARD = gnu99;
				GCC_NO_COMMON_BLOCKS = YES;
				GCC_WARN_64_TO_32_BIT_CONVERSION = YES;
				GCC_WARN_ABOUT_RETURN_TYPE = YES_ERROR;
				GCC_WARN_UNDECLARED_SELECTOR = YES;
				GCC_WARN_UNINITIALIZED_AUTOS = YES_AGGRESSIVE;
				GCC_WARN_UNUSED_FUNCTION = YES;
				GCC_WARN_UNUSED_VARIABLE = YES;
				IPHONEOS_DEPLOYMENT_TARGET = 8.3;
				MTL_ENABLE_DEBUG_INFO = NO;
				SDKROOT = iphoneos;
				VALIDATE_PRODUCT = YES;
			};
			name = Release;
		};
		8777F14E1B2AEA8D00E10F69 /* Debug */ = {
			isa = XCBuildConfiguration;
			buildSettings = {
				ASSETCATALOG_COMPILER_APPICON_NAME = AppIcon;
				INFOPLIST_FILE = TextFieldsChallenge/Info.plist;
				LD_RUNPATH_SEARCH_PATHS = "$(inherited) @executable_path/Frameworks";
				PRODUCT_NAME = "$(TARGET_NAME)";
			};
			name = Debug;
		};
		8777F14F1B2AEA8D00E10F69 /* Release */ = {
			isa = XCBuildConfiguration;
			buildSettings = {
				ASSETCATALOG_COMPILER_APPICON_NAME = AppIcon;
				INFOPLIST_FILE = TextFieldsChallenge/Info.plist;
				LD_RUNPATH_SEARCH_PATHS = "$(inherited) @executable_path/Frameworks";
				PRODUCT_NAME = "$(TARGET_NAME)";
			};
			name = Release;
		};
		8777F1511B2AEA8D00E10F69 /* Debug */ = {
			isa = XCBuildConfiguration;
			buildSettings = {
				BUNDLE_LOADER = "$(TEST_HOST)";
				FRAMEWORK_SEARCH_PATHS = (
					"$(SDKROOT)/Developer/Library/Frameworks",
					"$(inherited)",
				);
				GCC_PREPROCESSOR_DEFINITIONS = (
					"DEBUG=1",
					"$(inherited)",
				);
				INFOPLIST_FILE = TextFieldsChallengeTests/Info.plist;
				LD_RUNPATH_SEARCH_PATHS = "$(inherited) @executable_path/Frameworks @loader_path/Frameworks";
				PRODUCT_NAME = "$(TARGET_NAME)";
				TEST_HOST = "$(BUILT_PRODUCTS_DIR)/TextFieldsChallenge.app/TextFieldsChallenge";
			};
			name = Debug;
		};
		8777F1521B2AEA8D00E10F69 /* Release */ = {
			isa = XCBuildConfiguration;
			buildSettings = {
				BUNDLE_LOADER = "$(TEST_HOST)";
				FRAMEWORK_SEARCH_PATHS = (
					"$(SDKROOT)/Developer/Library/Frameworks",
					"$(inherited)",
				);
				INFOPLIST_FILE = TextFieldsChallengeTests/Info.plist;
				LD_RUNPATH_SEARCH_PATHS = "$(inherited) @executable_path/Frameworks @loader_path/Frameworks";
				PRODUCT_NAME = "$(TARGET_NAME)";
				TEST_HOST = "$(BUILT_PRODUCTS_DIR)/TextFieldsChallenge.app/TextFieldsChallenge";
			};
			name = Release;
		};
/* End XCBuildConfiguration section */

/* Begin XCConfigurationList section */
		8777F1291B2AEA8D00E10F69 /* Build configuration list for PBXProject "TextFieldsChallenge" */ = {
			isa = XCConfigurationList;
			buildConfigurations = (
				8777F14B1B2AEA8D00E10F69 /* Debug */,
				8777F14C1B2AEA8D00E10F69 /* Release */,
			);
			defaultConfigurationIsVisible = 0;
			defaultConfigurationName = Release;
		};
		8777F14D1B2AEA8D00E10F69 /* Build configuration list for PBXNativeTarget "TextFieldsChallenge" */ = {
			isa = XCConfigurationList;
			buildConfigurations = (
				8777F14E1B2AEA8D00E10F69 /* Debug */,
				8777F14F1B2AEA8D00E10F69 /* Release */,
			);
			defaultConfigurationIsVisible = 0;
		};
		8777F1501B2AEA8D00E10F69 /* Build configuration list for PBXNativeTarget "TextFieldsChallengeTests" */ = {
			isa = XCConfigurationList;
			buildConfigurations = (
				8777F1511B2AEA8D00E10F69 /* Debug */,
				8777F1521B2AEA8D00E10F69 /* Release */,
			);
			defaultConfigurationIsVisible = 0;
		};
/* End XCConfigurationList section */
	};
	rootObject = 8777F1261B2AEA8D00E10F69 /* Project object */;
}
